// !$*UTF8*$!
{
	archiveVersion = 1;
	classes = {
	};
	objectVersion = 54;
	objects = {

/* Begin PBXBuildFile section */
		3D308AE5B9E78B45256E3AD0 /* Pods_Prueba.framework in Frameworks */ = {isa = PBXBuildFile; fileRef = BCBBCC73BEC6F326618BD684 /* Pods_Prueba.framework */; };
		4C83983B252A8F2C0013D984 /* SignUpViewController.swift in Sources */ = {isa = PBXBuildFile; fileRef = 4C83983A252A8F2C0013D984 /* SignUpViewController.swift */; };
		4CA030AA2523F1F00039FB49 /* ResetPasswordViewController.swift in Sources */ = {isa = PBXBuildFile; fileRef = 4CA030A92523F1F00039FB49 /* ResetPasswordViewController.swift */; };
		4CAAA3722521AA6C00EC38FC /* AppDelegate.swift in Sources */ = {isa = PBXBuildFile; fileRef = 4CAAA3712521AA6C00EC38FC /* AppDelegate.swift */; };
		4CAAA3742521AA6C00EC38FC /* SceneDelegate.swift in Sources */ = {isa = PBXBuildFile; fileRef = 4CAAA3732521AA6C00EC38FC /* SceneDelegate.swift */; };
		4CAAA3762521AA6C00EC38FC /* ViewController.swift in Sources */ = {isa = PBXBuildFile; fileRef = 4CAAA3752521AA6C00EC38FC /* ViewController.swift */; };
		4CAAA3792521AA6C00EC38FC /* Main.storyboard in Resources */ = {isa = PBXBuildFile; fileRef = 4CAAA3772521AA6C00EC38FC /* Main.storyboard */; };
		4CAAA37B2521AA6E00EC38FC /* Assets.xcassets in Resources */ = {isa = PBXBuildFile; fileRef = 4CAAA37A2521AA6E00EC38FC /* Assets.xcassets */; };
		4CAAA37E2521AA6E00EC38FC /* LaunchScreen.storyboard in Resources */ = {isa = PBXBuildFile; fileRef = 4CAAA37C2521AA6E00EC38FC /* LaunchScreen.storyboard */; };
		4CAAA3872521AD6900EC38FC /* ConfigurationViewController.swift in Sources */ = {isa = PBXBuildFile; fileRef = 4CAAA3862521AD6900EC38FC /* ConfigurationViewController.swift */; };
		4CAAA38A2521AF4300EC38FC /* GoogleService-Info.plist in Resources */ = {isa = PBXBuildFile; fileRef = 4CAAA3892521AF4300EC38FC /* GoogleService-Info.plist */; };
/* End PBXBuildFile section */

/* Begin PBXFileReference section */
		4C83983A252A8F2C0013D984 /* SignUpViewController.swift */ = {isa = PBXFileReference; lastKnownFileType = sourcecode.swift; path = SignUpViewController.swift; sourceTree = "<group>"; };
		4CA030A92523F1F00039FB49 /* ResetPasswordViewController.swift */ = {isa = PBXFileReference; lastKnownFileType = sourcecode.swift; path = ResetPasswordViewController.swift; sourceTree = "<group>"; };
		4CAAA36E2521AA6C00EC38FC /* Prueba.app */ = {isa = PBXFileReference; explicitFileType = wrapper.application; includeInIndex = 0; path = Prueba.app; sourceTree = BUILT_PRODUCTS_DIR; };
		4CAAA3712521AA6C00EC38FC /* AppDelegate.swift */ = {isa = PBXFileReference; lastKnownFileType = sourcecode.swift; path = AppDelegate.swift; sourceTree = "<group>"; };
		4CAAA3732521AA6C00EC38FC /* SceneDelegate.swift */ = {isa = PBXFileReference; lastKnownFileType = sourcecode.swift; path = SceneDelegate.swift; sourceTree = "<group>"; };
		4CAAA3752521AA6C00EC38FC /* ViewController.swift */ = {isa = PBXFileReference; lastKnownFileType = sourcecode.swift; path = ViewController.swift; sourceTree = "<group>"; };
		4CAAA3782521AA6C00EC38FC /* Base */ = {isa = PBXFileReference; lastKnownFileType = file.storyboard; name = Base; path = Base.lproj/Main.storyboard; sourceTree = "<group>"; };
		4CAAA37A2521AA6E00EC38FC /* Assets.xcassets */ = {isa = PBXFileReference; lastKnownFileType = folder.assetcatalog; path = Assets.xcassets; sourceTree = "<group>"; };
		4CAAA37D2521AA6E00EC38FC /* Base */ = {isa = PBXFileReference; lastKnownFileType = file.storyboard; name = Base; path = Base.lproj/LaunchScreen.storyboard; sourceTree = "<group>"; };
		4CAAA37F2521AA6E00EC38FC /* Info.plist */ = {isa = PBXFileReference; lastKnownFileType = text.plist.xml; path = Info.plist; sourceTree = "<group>"; };
		4CAAA3862521AD6900EC38FC /* ConfigurationViewController.swift */ = {isa = PBXFileReference; lastKnownFileType = sourcecode.swift; path = ConfigurationViewController.swift; sourceTree = "<group>"; };
		4CAAA3892521AF4300EC38FC /* GoogleService-Info.plist */ = {isa = PBXFileReference; fileEncoding = 4; lastKnownFileType = text.plist.xml; path = "GoogleService-Info.plist"; sourceTree = "<group>"; };
		892A5676BF1BC5C88EA96482 /* Pods-Prueba.release.xcconfig */ = {isa = PBXFileReference; includeInIndex = 1; lastKnownFileType = text.xcconfig; name = "Pods-Prueba.release.xcconfig"; path = "Target Support Files/Pods-Prueba/Pods-Prueba.release.xcconfig"; sourceTree = "<group>"; };
		B23775A4FCBB92FF82599176 /* Pods-Prueba.debug.xcconfig */ = {isa = PBXFileReference; includeInIndex = 1; lastKnownFileType = text.xcconfig; name = "Pods-Prueba.debug.xcconfig"; path = "Target Support Files/Pods-Prueba/Pods-Prueba.debug.xcconfig"; sourceTree = "<group>"; };
		BCBBCC73BEC6F326618BD684 /* Pods_Prueba.framework */ = {isa = PBXFileReference; explicitFileType = wrapper.framework; includeInIndex = 0; path = Pods_Prueba.framework; sourceTree = BUILT_PRODUCTS_DIR; };
/* End PBXFileReference section */

/* Begin PBXFrameworksBuildPhase section */
		4CAAA36B2521AA6C00EC38FC /* Frameworks */ = {
			isa = PBXFrameworksBuildPhase;
			buildActionMask = 2147483647;
			files = (
				3D308AE5B9E78B45256E3AD0 /* Pods_Prueba.framework in Frameworks */,
			);
			runOnlyForDeploymentPostprocessing = 0;
		};
/* End PBXFrameworksBuildPhase section */

/* Begin PBXGroup section */
		0A5249F5B7750388A2C83793 /* Frameworks */ = {
			isa = PBXGroup;
			children = (
				BCBBCC73BEC6F326618BD684 /* Pods_Prueba.framework */,
			);
			name = Frameworks;
			sourceTree = "<group>";
		};
		4CAAA3652521AA6C00EC38FC = {
			isa = PBXGroup;
			children = (
				4CAAA3702521AA6C00EC38FC /* Prueba */,
				4CAAA36F2521AA6C00EC38FC /* Products */,
				6CAF1100DCFC942849A3B8F6 /* Pods */,
				0A5249F5B7750388A2C83793 /* Frameworks */,
			);
			sourceTree = "<group>";
		};
		4CAAA36F2521AA6C00EC38FC /* Products */ = {
			isa = PBXGroup;
			children = (
				4CAAA36E2521AA6C00EC38FC /* Prueba.app */,
			);
			name = Products;
			sourceTree = "<group>";
		};
		4CAAA3702521AA6C00EC38FC /* Prueba */ = {
			isa = PBXGroup;
			children = (
				4CE66B2925228B1C00000407 /* View */,
				4CAAA3712521AA6C00EC38FC /* AppDelegate.swift */,
				4CAAA3732521AA6C00EC38FC /* SceneDelegate.swift */,
				4CAAA3752521AA6C00EC38FC /* ViewController.swift */,
				4C83983A252A8F2C0013D984 /* SignUpViewController.swift */,
				4CA030A92523F1F00039FB49 /* ResetPasswordViewController.swift */,
				4CAAA3862521AD6900EC38FC /* ConfigurationViewController.swift */,
				4CAAA37A2521AA6E00EC38FC /* Assets.xcassets */,
				4CAAA37F2521AA6E00EC38FC /* Info.plist */,
				4CAAA3892521AF4300EC38FC /* GoogleService-Info.plist */,
			);
			path = Prueba;
			sourceTree = "<group>";
		};
		4CE66B2925228B1C00000407 /* View */ = {
			isa = PBXGroup;
			children = (
				4CAAA37C2521AA6E00EC38FC /* LaunchScreen.storyboard */,
				4CAAA3772521AA6C00EC38FC /* Main.storyboard */,
			);
			path = View;
			sourceTree = "<group>";
		};
		6CAF1100DCFC942849A3B8F6 /* Pods */ = {
			isa = PBXGroup;
			children = (
				B23775A4FCBB92FF82599176 /* Pods-Prueba.debug.xcconfig */,
				892A5676BF1BC5C88EA96482 /* Pods-Prueba.release.xcconfig */,
			);
			path = Pods;
			sourceTree = "<group>";
		};
/* End PBXGroup section */

/* Begin PBXNativeTarget section */
		4CAAA36D2521AA6C00EC38FC /* Prueba */ = {
			isa = PBXNativeTarget;
			buildConfigurationList = 4CAAA3822521AA6E00EC38FC /* Build configuration list for PBXNativeTarget "Prueba" */;
			buildPhases = (
				AA7679080B6FC572EF6E79D9 /* [CP] Check Pods Manifest.lock */,
				4CAAA36A2521AA6C00EC38FC /* Sources */,
				4CAAA36B2521AA6C00EC38FC /* Frameworks */,
				4CAAA36C2521AA6C00EC38FC /* Resources */,
				D201D97346BAD1BBF6765180 /* [CP] Embed Pods Frameworks */,
			);
			buildRules = (
			);
			dependencies = (
			);
			name = Prueba;
			productName = Prueba;
			productReference = 4CAAA36E2521AA6C00EC38FC /* Prueba.app */;
			productType = "com.apple.product-type.application";
		};
/* End PBXNativeTarget section */

/* Begin PBXProject section */
		4CAAA3662521AA6C00EC38FC /* Project object */ = {
			isa = PBXProject;
			attributes = {
				LastSwiftUpdateCheck = 1200;
				LastUpgradeCheck = 1200;
				TargetAttributes = {
					4CAAA36D2521AA6C00EC38FC = {
						CreatedOnToolsVersion = 12.0.1;
					};
				};
			};
			buildConfigurationList = 4CAAA3692521AA6C00EC38FC /* Build configuration list for PBXProject "Prueba" */;
			compatibilityVersion = "Xcode 12.0";
			developmentRegion = en;
			hasScannedForEncodings = 0;
			knownRegions = (
				en,
				Base,
			);
			mainGroup = 4CAAA3652521AA6C00EC38FC;
			productRefGroup = 4CAAA36F2521AA6C00EC38FC /* Products */;
			projectDirPath = "";
			projectRoot = "";
			targets = (
				4CAAA36D2521AA6C00EC38FC /* Prueba */,
			);
		};
/* End PBXProject section */

/* Begin PBXResourcesBuildPhase section */
		4CAAA36C2521AA6C00EC38FC /* Resources */ = {
			isa = PBXResourcesBuildPhase;
			buildActionMask = 2147483647;
			files = (
				4CAAA37E2521AA6E00EC38FC /* LaunchScreen.storyboard in Resources */,
				4CAAA38A2521AF4300EC38FC /* GoogleService-Info.plist in Resources */,
				4CAAA37B2521AA6E00EC38FC /* Assets.xcassets in Resources */,
				4CAAA3792521AA6C00EC38FC /* Main.storyboard in Resources */,
			);
			runOnlyForDeploymentPostprocessing = 0;
		};
/* End PBXResourcesBuildPhase section */

/* Begin PBXShellScriptBuildPhase section */
		AA7679080B6FC572EF6E79D9 /* [CP] Check Pods Manifest.lock */ = {
			isa = PBXShellScriptBuildPhase;
			buildActionMask = 2147483647;
			files = (
			);
			inputFileListPaths = (
			);
			inputPaths = (
				"${PODS_PODFILE_DIR_PATH}/Podfile.lock",
				"${PODS_ROOT}/Manifest.lock",
			);
			name = "[CP] Check Pods Manifest.lock";
			outputFileListPaths = (
			);
			outputPaths = (
				"$(DERIVED_FILE_DIR)/Pods-Prueba-checkManifestLockResult.txt",
			);
			runOnlyForDeploymentPostprocessing = 0;
			shellPath = /bin/sh;
			shellScript = "diff \"${PODS_PODFILE_DIR_PATH}/Podfile.lock\" \"${PODS_ROOT}/Manifest.lock\" > /dev/null\nif [ $? != 0 ] ; then\n    # print error to STDERR\n    echo \"error: The sandbox is not in sync with the Podfile.lock. Run 'pod install' or update your CocoaPods installation.\" >&2\n    exit 1\nfi\n# This output is used by Xcode 'outputs' to avoid re-running this script phase.\necho \"SUCCESS\" > \"${SCRIPT_OUTPUT_FILE_0}\"\n";
			showEnvVarsInLog = 0;
		};
		D201D97346BAD1BBF6765180 /* [CP] Embed Pods Frameworks */ = {
			isa = PBXShellScriptBuildPhase;
			buildActionMask = 2147483647;
			files = (
			);
			inputFileListPaths = (
				"${PODS_ROOT}/Target Support Files/Pods-Prueba/Pods-Prueba-frameworks-${CONFIGURATION}-input-files.xcfilelist",
			);
			name = "[CP] Embed Pods Frameworks";
			outputFileListPaths = (
				"${PODS_ROOT}/Target Support Files/Pods-Prueba/Pods-Prueba-frameworks-${CONFIGURATION}-output-files.xcfilelist",
			);
			runOnlyForDeploymentPostprocessing = 0;
			shellPath = /bin/sh;
			shellScript = "\"${PODS_ROOT}/Target Support Files/Pods-Prueba/Pods-Prueba-frameworks.sh\"\n";
			showEnvVarsInLog = 0;
		};
/* End PBXShellScriptBuildPhase section */

/* Begin PBXSourcesBuildPhase section */
		4CAAA36A2521AA6C00EC38FC /* Sources */ = {
			isa = PBXSourcesBuildPhase;
			buildActionMask = 2147483647;
			files = (
				4C83983B252A8F2C0013D984 /* SignUpViewController.swift in Sources */,
				4CAAA3762521AA6C00EC38FC /* ViewController.swift in Sources */,
				4CAAA3722521AA6C00EC38FC /* AppDelegate.swift in Sources */,
				4CAAA3872521AD6900EC38FC /* ConfigurationViewController.swift in Sources */,
				4CA030AA2523F1F00039FB49 /* ResetPasswordViewController.swift in Sources */,
				4CAAA3742521AA6C00EC38FC /* SceneDelegate.swift in Sources */,
			);
			runOnlyForDeploymentPostprocessing = 0;
		};
/* End PBXSourcesBuildPhase section */

/* Begin PBXVariantGroup section */
		4CAAA3772521AA6C00EC38FC /* Main.storyboard */ = {
			isa = PBXVariantGroup;
			children = (
				4CAAA3782521AA6C00EC38FC /* Base */,
			);
			name = Main.storyboard;
			sourceTree = "<group>";
		};
		4CAAA37C2521AA6E00EC38FC /* LaunchScreen.storyboard */ = {
			isa = PBXVariantGroup;
			children = (
				4CAAA37D2521AA6E00EC38FC /* Base */,
			);
			name = LaunchScreen.storyboard;
			sourceTree = "<group>";
		};
/* End PBXVariantGroup section */

/* Begin XCBuildConfiguration section */
		4CAAA3802521AA6E00EC38FC /* Debug */ = {
			isa = XCBuildConfiguration;
			buildSettings = {
				ALWAYS_SEARCH_USER_PATHS = NO;
				CLANG_ANALYZER_NONNULL = YES;
				CLANG_ANALYZER_NUMBER_OBJECT_CONVERSION = YES_AGGRESSIVE;
				CLANG_CXX_LANGUAGE_STANDARD = "gnu++14";
				CLANG_CXX_LIBRARY = "libc++";
				CLANG_ENABLE_MODULES = YES;
				CLANG_ENABLE_OBJC_ARC = YES;
				CLANG_ENABLE_OBJC_WEAK = YES;
				CLANG_WARN_BLOCK_CAPTURE_AUTORELEASING = YES;
				CLANG_WARN_BOOL_CONVERSION = YES;
				CLANG_WARN_COMMA = YES;
				CLANG_WARN_CONSTANT_CONVERSION = YES;
				CLANG_WARN_DEPRECATED_OBJC_IMPLEMENTATIONS = YES;
				CLANG_WARN_DIRECT_OBJC_ISA_USAGE = YES_ERROR;
				CLANG_WARN_DOCUMENTATION_COMMENTS = YES;
				CLANG_WARN_EMPTY_BODY = YES;
				CLANG_WARN_ENUM_CONVERSION = YES;
				CLANG_WARN_INFINITE_RECURSION = YES;
				CLANG_WARN_INT_CONVERSION = YES;
				CLANG_WARN_NON_LITERAL_NULL_CONVERSION = YES;
				CLANG_WARN_OBJC_IMPLICIT_RETAIN_SELF = YES;
				CLANG_WARN_OBJC_LITERAL_CONVERSION = YES;
				CLANG_WARN_OBJC_ROOT_CLASS = YES_ERROR;
				CLANG_WARN_QUOTED_INCLUDE_IN_FRAMEWORK_HEADER = YES;
				CLANG_WARN_RANGE_LOOP_ANALYSIS = YES;
				CLANG_WARN_STRICT_PROTOTYPES = YES;
				CLANG_WARN_SUSPICIOUS_MOVE = YES;
				CLANG_WARN_UNGUARDED_AVAILABILITY = YES_AGGRESSIVE;
				CLANG_WARN_UNREACHABLE_CODE = YES;
				CLANG_WARN__DUPLICATE_METHOD_MATCH = YES;
				COPY_PHASE_STRIP = NO;
				DEBUG_INFORMATION_FORMAT = dwarf;
				ENABLE_STRICT_OBJC_MSGSEND = YES;
				ENABLE_TESTABILITY = YES;
				GCC_C_LANGUAGE_STANDARD = gnu11;
				GCC_DYNAMIC_NO_PIC = NO;
				GCC_NO_COMMON_BLOCKS = YES;
				GCC_OPTIMIZATION_LEVEL = 0;
				GCC_PREPROCESSOR_DEFINITIONS = (
					"DEBUG=1",
					"$(inherited)",
				);
				GCC_WARN_64_TO_32_BIT_CONVERSION = YES;
				GCC_WARN_ABOUT_RETURN_TYPE = YES_ERROR;
				GCC_WARN_UNDECLARED_SELECTOR = YES;
				GCC_WARN_UNINITIALIZED_AUTOS = YES_AGGRESSIVE;
				GCC_WARN_UNUSED_FUNCTION = YES;
				GCC_WARN_UNUSED_VARIABLE = YES;
				IPHONEOS_DEPLOYMENT_TARGET = 14.0;
				MTL_ENABLE_DEBUG_INFO = INCLUDE_SOURCE;
				MTL_FAST_MATH = YES;
				ONLY_ACTIVE_ARCH = YES;
				SDKROOT = iphoneos;
				SWIFT_ACTIVE_COMPILATION_CONDITIONS = DEBUG;
				SWIFT_OPTIMIZATION_LEVEL = "-Onone";
			};
			name = Debug;
		};
		4CAAA3812521AA6E00EC38FC /* Release */ = {
			isa = XCBuildConfiguration;
			buildSettings = {
				ALWAYS_SEARCH_USER_PATHS = NO;
				CLANG_ANALYZER_NONNULL = YES;
				CLANG_ANALYZER_NUMBER_OBJECT_CONVERSION = YES_AGGRESSIVE;
				CLANG_CXX_LANGUAGE_STANDARD = "gnu++14";
				CLANG_CXX_LIBRARY = "libc++";
				CLANG_ENABLE_MODULES = YES;
				CLANG_ENABLE_OBJC_ARC = YES;
				CLANG_ENABLE_OBJC_WEAK = YES;
				CLANG_WARN_BLOCK_CAPTURE_AUTORELEASING = YES;
				CLANG_WARN_BOOL_CONVERSION = YES;
				CLANG_WARN_COMMA = YES;
				CLANG_WARN_CONSTANT_CONVERSION = YES;
				CLANG_WARN_DEPRECATED_OBJC_IMPLEMENTATIONS = YES;
				CLANG_WARN_DIRECT_OBJC_ISA_USAGE = YES_ERROR;
				CLANG_WARN_DOCUMENTATION_COMMENTS = YES;
				CLANG_WARN_EMPTY_BODY = YES;
				CLANG_WARN_ENUM_CONVERSION = YES;
				CLANG_WARN_INFINITE_RECURSION = YES;
				CLANG_WARN_INT_CONVERSION = YES;
				CLANG_WARN_NON_LITERAL_NULL_CONVERSION = YES;
				CLANG_WARN_OBJC_IMPLICIT_RETAIN_SELF = YES;
				CLANG_WARN_OBJC_LITERAL_CONVERSION = YES;
				CLANG_WARN_OBJC_ROOT_CLASS = YES_ERROR;
				CLANG_WARN_QUOTED_INCLUDE_IN_FRAMEWORK_HEADER = YES;
				CLANG_WARN_RANGE_LOOP_ANALYSIS = YES;
				CLANG_WARN_STRICT_PROTOTYPES = YES;
				CLANG_WARN_SUSPICIOUS_MOVE = YES;
				CLANG_WARN_UNGUARDED_AVAILABILITY = YES_AGGRESSIVE;
				CLANG_WARN_UNREACHABLE_CODE = YES;
				CLANG_WARN__DUPLICATE_METHOD_MATCH = YES;
				COPY_PHASE_STRIP = NO;
				DEBUG_INFORMATION_FORMAT = "dwarf-with-dsym";
				ENABLE_NS_ASSERTIONS = NO;
				ENABLE_STRICT_OBJC_MSGSEND = YES;
				GCC_C_LANGUAGE_STANDARD = gnu11;
				GCC_NO_COMMON_BLOCKS = YES;
				GCC_WARN_64_TO_32_BIT_CONVERSION = YES;
				GCC_WARN_ABOUT_RETURN_TYPE = YES_ERROR;
				GCC_WARN_UNDECLARED_SELECTOR = YES;
				GCC_WARN_UNINITIALIZED_AUTOS = YES_AGGRESSIVE;
				GCC_WARN_UNUSED_FUNCTION = YES;
				GCC_WARN_UNUSED_VARIABLE = YES;
				IPHONEOS_DEPLOYMENT_TARGET = 14.0;
				MTL_ENABLE_DEBUG_INFO = NO;
				MTL_FAST_MATH = YES;
				SDKROOT = iphoneos;
				SWIFT_COMPILATION_MODE = wholemodule;
				SWIFT_OPTIMIZATION_LEVEL = "-O";
				VALIDATE_PRODUCT = YES;
			};
			name = Release;
		};
		4CAAA3832521AA6E00EC38FC /* Debug */ = {
			isa = XCBuildConfiguration;
			baseConfigurationReference = B23775A4FCBB92FF82599176 /* Pods-Prueba.debug.xcconfig */;
			buildSettings = {
				ASSETCATALOG_COMPILER_APPICON_NAME = AppIcon;
				ASSETCATALOG_COMPILER_GLOBAL_ACCENT_COLOR_NAME = AccentColor;
				CODE_SIGN_STYLE = Automatic;
				DEVELOPMENT_TEAM = U9QP44K24D;
				INFOPLIST_FILE = Prueba/Info.plist;
				IPHONEOS_DEPLOYMENT_TARGET = 14.0;
				LD_RUNPATH_SEARCH_PATHS = (
					"$(inherited)",
					"@executable_path/Frameworks",
				);
				PRODUCT_BUNDLE_IDENTIFIER = com.MariaAcosta.Prueba;
				PRODUCT_NAME = "$(TARGET_NAME)";
				SWIFT_VERSION = 5.0;
				TARGETED_DEVICE_FAMILY = 1;
			};
			name = Debug;
		};
		4CAAA3842521AA6E00EC38FC /* Release */ = {
			isa = XCBuildConfiguration;
			baseConfigurationReference = 892A5676BF1BC5C88EA96482 /* Pods-Prueba.release.xcconfig */;
			buildSettings = {
				ASSETCATALOG_COMPILER_APPICON_NAME = AppIcon;
				ASSETCATALOG_COMPILER_GLOBAL_ACCENT_COLOR_NAME = AccentColor;
				CODE_SIGN_STYLE = Automatic;
				DEVELOPMENT_TEAM = U9QP44K24D;
				INFOPLIST_FILE = Prueba/Info.plist;
				IPHONEOS_DEPLOYMENT_TARGET = 14.0;
				LD_RUNPATH_SEARCH_PATHS = (
					"$(inherited)",
					"@executable_path/Frameworks",
				);
				PRODUCT_BUNDLE_IDENTIFIER = com.MariaAcosta.Prueba;
				PRODUCT_NAME = "$(TARGET_NAME)";
				SWIFT_VERSION = 5.0;
				TARGETED_DEVICE_FAMILY = 1;
			};
			name = Release;
		};
/* End XCBuildConfiguration section */

/* Begin XCConfigurationList section */
		4CAAA3692521AA6C00EC38FC /* Build configuration list for PBXProject "Prueba" */ = {
			isa = XCConfigurationList;
			buildConfigurations = (
				4CAAA3802521AA6E00EC38FC /* Debug */,
				4CAAA3812521AA6E00EC38FC /* Release */,
			);
			defaultConfigurationIsVisible = 0;
			defaultConfigurationName = Release;
		};
		4CAAA3822521AA6E00EC38FC /* Build configuration list for PBXNativeTarget "Prueba" */ = {
			isa = XCConfigurationList;
			buildConfigurations = (
				4CAAA3832521AA6E00EC38FC /* Debug */,
				4CAAA3842521AA6E00EC38FC /* Release */,
			);
			defaultConfigurationIsVisible = 0;
			defaultConfigurationName = Release;
		};
/* End XCConfigurationList section */
	};
	rootObject = 4CAAA3662521AA6C00EC38FC /* Project object */;
}
